// !$*UTF8*$!
{
	archiveVersion = 1;
	classes = {
	};
	objectVersion = 46;
	objects = {

/* Begin PBXBuildFile section */
		90E674ED1A9AEA3A00F5FCC2 /* AppDelegate.swift in Sources */ = {isa = PBXBuildFile; fileRef = 90E674EC1A9AEA3A00F5FCC2 /* AppDelegate.swift */; };
		90E674EF1A9AEA3A00F5FCC2 /* ViewController.swift in Sources */ = {isa = PBXBuildFile; fileRef = 90E674EE1A9AEA3A00F5FCC2 /* ViewController.swift */; };
		90E674F21A9AEA3A00F5FCC2 /* Main.storyboard in Resources */ = {isa = PBXBuildFile; fileRef = 90E674F01A9AEA3A00F5FCC2 /* Main.storyboard */; };
		90E674F41A9AEA3A00F5FCC2 /* Images.xcassets in Resources */ = {isa = PBXBuildFile; fileRef = 90E674F31A9AEA3A00F5FCC2 /* Images.xcassets */; };
		90E674F71A9AEA3A00F5FCC2 /* LaunchScreen.xib in Resources */ = {isa = PBXBuildFile; fileRef = 90E674F51A9AEA3A00F5FCC2 /* LaunchScreen.xib */; };
		90E675031A9AEA3A00F5FCC2 /* LookUpTests.swift in Sources */ = {isa = PBXBuildFile; fileRef = 90E675021A9AEA3A00F5FCC2 /* LookUpTests.swift */; };
/* End PBXBuildFile section */

/* Begin PBXContainerItemProxy section */
		90E674FD1A9AEA3A00F5FCC2 /* PBXContainerItemProxy */ = {
			isa = PBXContainerItemProxy;
			containerPortal = 90E674DF1A9AEA3A00F5FCC2 /* Project object */;
			proxyType = 1;
			remoteGlobalIDString = 90E674E61A9AEA3A00F5FCC2;
			remoteInfo = LookUp;
		};
/* End PBXContainerItemProxy section */

/* Begin PBXFileReference section */
		90E674E71A9AEA3A00F5FCC2 /* LookUp.app */ = {isa = PBXFileReference; explicitFileType = wrapper.application; includeInIndex = 0; path = LookUp.app; sourceTree = BUILT_PRODUCTS_DIR; };
		90E674EB1A9AEA3A00F5FCC2 /* Info.plist */ = {isa = PBXFileReference; lastKnownFileType = text.plist.xml; path = Info.plist; sourceTree = "<group>"; };
		90E674EC1A9AEA3A00F5FCC2 /* AppDelegate.swift */ = {isa = PBXFileReference; lastKnownFileType = sourcecode.swift; path = AppDelegate.swift; sourceTree = "<group>"; };
		90E674EE1A9AEA3A00F5FCC2 /* ViewController.swift */ = {isa = PBXFileReference; lastKnownFileType = sourcecode.swift; path = ViewController.swift; sourceTree = "<group>"; };
		90E674F11A9AEA3A00F5FCC2 /* Base */ = {isa = PBXFileReference; lastKnownFileType = file.storyboard; name = Base; path = Base.lproj/Main.storyboard; sourceTree = "<group>"; };
		90E674F31A9AEA3A00F5FCC2 /* Images.xcassets */ = {isa = PBXFileReference; lastKnownFileType = folder.assetcatalog; path = Images.xcassets; sourceTree = "<group>"; };
		90E674F61A9AEA3A00F5FCC2 /* Base */ = {isa = PBXFileReference; lastKnownFileType = file.xib; name = Base; path = Base.lproj/LaunchScreen.xib; sourceTree = "<group>"; };
		90E674FC1A9AEA3A00F5FCC2 /* LookUpTests.xctest */ = {isa = PBXFileReference; explicitFileType = wrapper.cfbundle; includeInIndex = 0; path = LookUpTests.xctest; sourceTree = BUILT_PRODUCTS_DIR; };
		90E675011A9AEA3A00F5FCC2 /* Info.plist */ = {isa = PBXFileReference; lastKnownFileType = text.plist.xml; path = Info.plist; sourceTree = "<group>"; };
		90E675021A9AEA3A00F5FCC2 /* LookUpTests.swift */ = {isa = PBXFileReference; lastKnownFileType = sourcecode.swift; path = LookUpTests.swift; sourceTree = "<group>"; };
/* End PBXFileReference section */

/* Begin PBXFrameworksBuildPhase section */
		90E674E41A9AEA3A00F5FCC2 /* Frameworks */ = {
			isa = PBXFrameworksBuildPhase;
			buildActionMask = 2147483647;
			files = (
			);
			runOnlyForDeploymentPostprocessing = 0;
		};
		90E674F91A9AEA3A00F5FCC2 /* Frameworks */ = {
			isa = PBXFrameworksBuildPhase;
			buildActionMask = 2147483647;
			files = (
			);
			runOnlyForDeploymentPostprocessing = 0;
		};
/* End PBXFrameworksBuildPhase section */

/* Begin PBXGroup section */
		90E674DE1A9AEA3A00F5FCC2 = {
			isa = PBXGroup;
			children = (
				90E674E91A9AEA3A00F5FCC2 /* LookUp */,
				90E674FF1A9AEA3A00F5FCC2 /* LookUpTests */,
				90E674E81A9AEA3A00F5FCC2 /* Products */,
			);
			sourceTree = "<group>";
		};
		90E674E81A9AEA3A00F5FCC2 /* Products */ = {
			isa = PBXGroup;
			children = (
				90E674E71A9AEA3A00F5FCC2 /* LookUp.app */,
				90E674FC1A9AEA3A00F5FCC2 /* LookUpTests.xctest */,
			);
			name = Products;
			sourceTree = "<group>";
		};
		90E674E91A9AEA3A00F5FCC2 /* LookUp */ = {
			isa = PBXGroup;
			children = (
				90E674EC1A9AEA3A00F5FCC2 /* AppDelegate.swift */,
				90E674EE1A9AEA3A00F5FCC2 /* ViewController.swift */,
				90E674F01A9AEA3A00F5FCC2 /* Main.storyboard */,
				90E674F31A9AEA3A00F5FCC2 /* Images.xcassets */,
				90E674F51A9AEA3A00F5FCC2 /* LaunchScreen.xib */,
				90E674EA1A9AEA3A00F5FCC2 /* Supporting Files */,
			);
			path = LookUp;
			sourceTree = "<group>";
		};
		90E674EA1A9AEA3A00F5FCC2 /* Supporting Files */ = {
			isa = PBXGroup;
			children = (
				90E674EB1A9AEA3A00F5FCC2 /* Info.plist */,
			);
			name = "Supporting Files";
			sourceTree = "<group>";
		};
		90E674FF1A9AEA3A00F5FCC2 /* LookUpTests */ = {
			isa = PBXGroup;
			children = (
				90E675021A9AEA3A00F5FCC2 /* LookUpTests.swift */,
				90E675001A9AEA3A00F5FCC2 /* Supporting Files */,
			);
			path = LookUpTests;
			sourceTree = "<group>";
		};
		90E675001A9AEA3A00F5FCC2 /* Supporting Files */ = {
			isa = PBXGroup;
			children = (
				90E675011A9AEA3A00F5FCC2 /* Info.plist */,
			);
			name = "Supporting Files";
			sourceTree = "<group>";
		};
/* End PBXGroup section */

/* Begin PBXNativeTarget section */
		90E674E61A9AEA3A00F5FCC2 /* LookUp */ = {
			isa = PBXNativeTarget;
			buildConfigurationList = 90E675061A9AEA3A00F5FCC2 /* Build configuration list for PBXNativeTarget "LookUp" */;
			buildPhases = (
				90E674E31A9AEA3A00F5FCC2 /* Sources */,
				90E674E41A9AEA3A00F5FCC2 /* Frameworks */,
				90E674E51A9AEA3A00F5FCC2 /* Resources */,
			);
			buildRules = (
			);
			dependencies = (
			);
			name = LookUp;
			productName = LookUp;
			productReference = 90E674E71A9AEA3A00F5FCC2 /* LookUp.app */;
			productType = "com.apple.product-type.application";
		};
		90E674FB1A9AEA3A00F5FCC2 /* LookUpTests */ = {
			isa = PBXNativeTarget;
			buildConfigurationList = 90E675091A9AEA3A00F5FCC2 /* Build configuration list for PBXNativeTarget "LookUpTests" */;
			buildPhases = (
				90E674F81A9AEA3A00F5FCC2 /* Sources */,
				90E674F91A9AEA3A00F5FCC2 /* Frameworks */,
				90E674FA1A9AEA3A00F5FCC2 /* Resources */,
			);
			buildRules = (
			);
			dependencies = (
				90E674FE1A9AEA3A00F5FCC2 /* PBXTargetDependency */,
			);
			name = LookUpTests;
			productName = LookUpTests;
			productReference = 90E674FC1A9AEA3A00F5FCC2 /* LookUpTests.xctest */;
			productType = "com.apple.product-type.bundle.unit-test";
		};
/* End PBXNativeTarget section */

/* Begin PBXProject section */
		90E674DF1A9AEA3A00F5FCC2 /* Project object */ = {
			isa = PBXProject;
			attributes = {
				LastUpgradeCheck = 0610;
				ORGANIZATIONNAME = "Acsa Lu";
				TargetAttributes = {
					90E674E61A9AEA3A00F5FCC2 = {
						CreatedOnToolsVersion = 6.1.1;
					};
					90E674FB1A9AEA3A00F5FCC2 = {
						CreatedOnToolsVersion = 6.1.1;
						TestTargetID = 90E674E61A9AEA3A00F5FCC2;
					};
				};
			};
			buildConfigurationList = 90E674E21A9AEA3A00F5FCC2 /* Build configuration list for PBXProject "LookUp" */;
			compatibilityVersion = "Xcode 3.2";
			developmentRegion = English;
			hasScannedForEncodings = 0;
			knownRegions = (
				en,
				Base,
			);
			mainGroup = 90E674DE1A9AEA3A00F5FCC2;
			productRefGroup = 90E674E81A9AEA3A00F5FCC2 /* Products */;
			projectDirPath = "";
			projectRoot = "";
			targets = (
				90E674E61A9AEA3A00F5FCC2 /* LookUp */,
				90E674FB1A9AEA3A00F5FCC2 /* LookUpTests */,
			);
		};
/* End PBXProject section */

/* Begin PBXResourcesBuildPhase section */
		90E674E51A9AEA3A00F5FCC2 /* Resources */ = {
			isa = PBXResourcesBuildPhase;
			buildActionMask = 2147483647;
			files = (
				90E674F21A9AEA3A00F5FCC2 /* Main.storyboard in Resources */,
				90E674F71A9AEA3A00F5FCC2 /* LaunchScreen.xib in Resources */,
				90E674F41A9AEA3A00F5FCC2 /* Images.xcassets in Resources */,
			);
			runOnlyForDeploymentPostprocessing = 0;
		};
		90E674FA1A9AEA3A00F5FCC2 /* Resources */ = {
			isa = PBXResourcesBuildPhase;
			buildActionMask = 2147483647;
			files = (
			);
			runOnlyForDeploymentPostprocessing = 0;
		};
/* End PBXResourcesBuildPhase section */

/* Begin PBXSourcesBuildPhase section */
		90E674E31A9AEA3A00F5FCC2 /* Sources */ = {
			isa = PBXSourcesBuildPhase;
			buildActionMask = 2147483647;
			files = (
				90E674EF1A9AEA3A00F5FCC2 /* ViewController.swift in Sources */,
				90E674ED1A9AEA3A00F5FCC2 /* AppDelegate.swift in Sources */,
			);
			runOnlyForDeploymentPostprocessing = 0;
		};
		90E674F81A9AEA3A00F5FCC2 /* Sources */ = {
			isa = PBXSourcesBuildPhase;
			buildActionMask = 2147483647;
			files = (
				90E675031A9AEA3A00F5FCC2 /* LookUpTests.swift in Sources */,
			);
			runOnlyForDeploymentPostprocessing = 0;
		};
/* End PBXSourcesBuildPhase section */

/* Begin PBXTargetDependency section */
		90E674FE1A9AEA3A00F5FCC2 /* PBXTargetDependency */ = {
			isa = PBXTargetDependency;
			target = 90E674E61A9AEA3A00F5FCC2 /* LookUp */;
			targetProxy = 90E674FD1A9AEA3A00F5FCC2 /* PBXContainerItemProxy */;
		};
/* End PBXTargetDependency section */

/* Begin PBXVariantGroup section */
		90E674F01A9AEA3A00F5FCC2 /* Main.storyboard */ = {
			isa = PBXVariantGroup;
			children = (
				90E674F11A9AEA3A00F5FCC2 /* Base */,
			);
			name = Main.storyboard;
			sourceTree = "<group>";
		};
		90E674F51A9AEA3A00F5FCC2 /* LaunchScreen.xib */ = {
			isa = PBXVariantGroup;
			children = (
				90E674F61A9AEA3A00F5FCC2 /* Base */,
			);
			name = LaunchScreen.xib;
			sourceTree = "<group>";
		};
/* End PBXVariantGroup section */

/* Begin XCBuildConfiguration section */
		90E675041A9AEA3A00F5FCC2 /* Debug */ = {
			isa = XCBuildConfiguration;
			buildSettings = {
				ALWAYS_SEARCH_USER_PATHS = NO;
				CLANG_CXX_LANGUAGE_STANDARD = "gnu++0x";
				CLANG_CXX_LIBRARY = "libc++";
				CLANG_ENABLE_MODULES = YES;
				CLANG_ENABLE_OBJC_ARC = YES;
				CLANG_WARN_BOOL_CONVERSION = YES;
				CLANG_WARN_CONSTANT_CONVERSION = YES;
				CLANG_WARN_DIRECT_OBJC_ISA_USAGE = YES_ERROR;
				CLANG_WARN_EMPTY_BODY = YES;
				CLANG_WARN_ENUM_CONVERSION = YES;
				CLANG_WARN_INT_CONVERSION = YES;
				CLANG_WARN_OBJC_ROOT_CLASS = YES_ERROR;
				CLANG_WARN_UNREACHABLE_CODE = YES;
				CLANG_WARN__DUPLICATE_METHOD_MATCH = YES;
				"CODE_SIGN_IDENTITY[sdk=iphoneos*]" = "iPhone Developer";
				COPY_PHASE_STRIP = NO;
				ENABLE_STRICT_OBJC_MSGSEND = YES;
				GCC_C_LANGUAGE_STANDARD = gnu99;
				GCC_DYNAMIC_NO_PIC = NO;
				GCC_OPTIMIZATION_LEVEL = 0;
				GCC_PREPROCESSOR_DEFINITIONS = (
					"DEBUG=1",
					"$(inherited)",
				);
				GCC_SYMBOLS_PRIVATE_EXTERN = NO;
				GCC_WARN_64_TO_32_BIT_CONVERSION = YES;
				GCC_WARN_ABOUT_RETURN_TYPE = YES_ERROR;
				GCC_WARN_UNDECLARED_SELECTOR = YES;
				GCC_WARN_UNINITIALIZED_AUTOS = YES_AGGRESSIVE;
				GCC_WARN_UNUSED_FUNCTION = YES;
				GCC_WARN_UNUSED_VARIABLE = YES;
				IPHONEOS_DEPLOYMENT_TARGET = 8.1;
				MTL_ENABLE_DEBUG_INFO = YES;
				ONLY_ACTIVE_ARCH = YES;
				SDKROOT = iphoneos;
				SWIFT_OPTIMIZATION_LEVEL = "-Onone";
				TARGETED_DEVICE_FAMILY = "1,2";
			};
			name = Debug;
		};
		90E675051A9AEA3A00F5FCC2 /* Release */ = {
			isa = XCBuildConfiguration;
			buildSettings = {
				ALWAYS_SEARCH_USER_PATHS = NO;
				CLANG_CXX_LANGUAGE_STANDARD = "gnu++0x";
				CLANG_CXX_LIBRARY = "libc++";
				CLANG_ENABLE_MODULES = YES;
				CLANG_ENABLE_OBJC_ARC = YES;
				CLANG_WARN_BOOL_CONVERSION = YES;
				CLANG_WARN_CONSTANT_CONVERSION = YES;
				CLANG_WARN_DIRECT_OBJC_ISA_USAGE = YES_ERROR;
				CLANG_WARN_EMPTY_BODY = YES;
				CLANG_WARN_ENUM_CONVERSION = YES;
				CLANG_WARN_INT_CONVERSION = YES;
				CLANG_WARN_OBJC_ROOT_CLASS = YES_ERROR;
				CLANG_WARN_UNREACHABLE_CODE = YES;
				CLANG_WARN__DUPLICATE_METHOD_MATCH = YES;
				"CODE_SIGN_IDENTITY[sdk=iphoneos*]" = "iPhone Developer";
				COPY_PHASE_STRIP = YES;
				ENABLE_NS_ASSERTIONS = NO;
				ENABLE_STRICT_OBJC_MSGSEND = YES;
				GCC_C_LANGUAGE_STANDARD = gnu99;
				GCC_WARN_64_TO_32_BIT_CONVERSION = YES;
				GCC_WARN_ABOUT_RETURN_TYPE = YES_ERROR;
				GCC_WARN_UNDECLARED_SELECTOR = YES;
				GCC_WARN_UNINITIALIZED_AUTOS = YES_AGGRESSIVE;
				GCC_WARN_UNUSED_FUNCTION = YES;
				GCC_WARN_UNUSED_VARIABLE = YES;
				IPHONEOS_DEPLOYMENT_TARGET = 8.1;
				MTL_ENABLE_DEBUG_INFO = NO;
				SDKROOT = iphoneos;
				TARGETED_DEVICE_FAMILY = "1,2";
				VALIDATE_PRODUCT = YES;
			};
			name = Release;
		};
		90E675071A9AEA3A00F5FCC2 /* Debug */ = {
			isa = XCBuildConfiguration;
			buildSettings = {
				ASSETCATALOG_COMPILER_APPICON_NAME = AppIcon;
				INFOPLIST_FILE = LookUp/Info.plist;
				LD_RUNPATH_SEARCH_PATHS = "$(inherited) @executable_path/Frameworks";
				PRODUCT_NAME = "$(TARGET_NAME)";
			};
			name = Debug;
		};
		90E675081A9AEA3A00F5FCC2 /* Release */ = {
			isa = XCBuildConfiguration;
			buildSettings = {
				ASSETCATALOG_COMPILER_APPICON_NAME = AppIcon;
				INFOPLIST_FILE = LookUp/Info.plist;
				LD_RUNPATH_SEARCH_PATHS = "$(inherited) @executable_path/Frameworks";
				PRODUCT_NAME = "$(TARGET_NAME)";
			};
			name = Release;
		};
		90E6750A1A9AEA3A00F5FCC2 /* Debug */ = {
			isa = XCBuildConfiguration;
			buildSettings = {
				BUNDLE_LOADER = "$(TEST_HOST)";
				FRAMEWORK_SEARCH_PATHS = (
					"$(SDKROOT)/Developer/Library/Frameworks",
					"$(inherited)",
				);
				GCC_PREPROCESSOR_DEFINITIONS = (
					"DEBUG=1",
					"$(inherited)",
				);
				INFOPLIST_FILE = LookUpTests/Info.plist;
				LD_RUNPATH_SEARCH_PATHS = "$(inherited) @executable_path/Frameworks @loader_path/Frameworks";
				PRODUCT_NAME = "$(TARGET_NAME)";
				TEST_HOST = "$(BUILT_PRODUCTS_DIR)/LookUp.app/LookUp";
			};
			name = Debug;
		};
		90E6750B1A9AEA3A00F5FCC2 /* Release */ = {
			isa = XCBuildConfiguration;
			buildSettings = {
				BUNDLE_LOADER = "$(TEST_HOST)";
				FRAMEWORK_SEARCH_PATHS = (
					"$(SDKROOT)/Developer/Library/Frameworks",
					"$(inherited)",
				);
				INFOPLIST_FILE = LookUpTests/Info.plist;
				LD_RUNPATH_SEARCH_PATHS = "$(inherited) @executable_path/Frameworks @loader_path/Frameworks";
				PRODUCT_NAME = "$(TARGET_NAME)";
				TEST_HOST = "$(BUILT_PRODUCTS_DIR)/LookUp.app/LookUp";
			};
			name = Release;
		};
/* End XCBuildConfiguration section */

/* Begin XCConfigurationList section */
		90E674E21A9AEA3A00F5FCC2 /* Build configuration list for PBXProject "LookUp" */ = {
			isa = XCConfigurationList;
			buildConfigurations = (
				90E675041A9AEA3A00F5FCC2 /* Debug */,
				90E675051A9AEA3A00F5FCC2 /* Release */,
			);
			defaultConfigurationIsVisible = 0;
			defaultConfigurationName = Release;
		};
		90E675061A9AEA3A00F5FCC2 /* Build configuration list for PBXNativeTarget "LookUp" */ = {
			isa = XCConfigurationList;
			buildConfigurations = (
				90E675071A9AEA3A00F5FCC2 /* Debug */,
				90E675081A9AEA3A00F5FCC2 /* Release */,
			);
			defaultConfigurationIsVisible = 0;
		};
		90E675091A9AEA3A00F5FCC2 /* Build configuration list for PBXNativeTarget "LookUpTests" */ = {
			isa = XCConfigurationList;
			buildConfigurations = (
				90E6750A1A9AEA3A00F5FCC2 /* Debug */,
				90E6750B1A9AEA3A00F5FCC2 /* Release */,
			);
			defaultConfigurationIsVisible = 0;
		};
/* End XCConfigurationList section */
	};
	rootObject = 90E674DF1A9AEA3A00F5FCC2 /* Project object */;
}
